
Microsoft Visual Studio Solution File, Format Version 12.00
# Visual Studio Version 17
VisualStudioVersion = 17.14.36301.6 d17.14
MinimumVisualStudioVersion = 10.0.40219.1
Project("{FAE04EC0-301F-11D3-BF4B-00C04F79EFBC}") = "Lab5", "Lab5\Lab5.csproj", "{096F56B3-E4BB-4293-A627-E41A57C3B711}"
EndProject
Global
	GlobalSection(SolutionConfigurationPlatforms) = preSolution
		Debug|Any CPU = Debug|Any CPU
		Release|Any CPU = Release|Any CPU
	EndGlobalSection
	GlobalSection(ProjectConfigurationPlatforms) = postSolution
		{096F56B3-E4BB-4293-A627-E41A57C3B711}.Debug|Any CPU.ActiveCfg = Debug|Any CPU
		{096F56B3-E4BB-4293-A627-E41A57C3B711}.Debug|Any CPU.Build.0 = Debug|Any CPU
		{096F56B3-E4BB-4293-A627-E41A57C3B711}.Release|Any CPU.ActiveCfg = Release|Any CPU
		{096F56B3-E4BB-4293-A627-E41A57C3B711}.Release|Any CPU.Build.0 = Release|Any CPU
	EndGlobalSection
	GlobalSection(SolutionProperties) = preSolution
		HideSolutionNode = FALSE
	EndGlobalSection
	GlobalSection(ExtensibilityGlobals) = postSolution
		SolutionGuid = {EB22FB7E-B279-4739-B29E-CFEF77DBF7B8}
	EndGlobalSection
EndGlobal
