
Microsoft Visual Studio Solution File, Format Version 12.00
# Visual Studio Version 17
VisualStudioVersion = 17.14.36301.6 d17.14
MinimumVisualStudioVersion = 10.0.40219.1
Project("{FAE04EC0-301F-11D3-BF4B-00C04F79EFBC}") = "Lab6_nowe", "Lab6_nowe\Lab6_nowe.csproj", "{0BA545F7-23F2-4F5B-9922-D102DEC0B7A4}"
EndProject
Global
	GlobalSection(SolutionConfigurationPlatforms) = preSolution
		Debug|Any CPU = Debug|Any CPU
		Release|Any CPU = Release|Any CPU
	EndGlobalSection
	GlobalSection(ProjectConfigurationPlatforms) = postSolution
		{0BA545F7-23F2-4F5B-9922-D102DEC0B7A4}.Debug|Any CPU.ActiveCfg = Debug|Any CPU
		{0BA545F7-23F2-4F5B-9922-D102DEC0B7A4}.Debug|Any CPU.Build.0 = Debug|Any CPU
		{0BA545F7-23F2-4F5B-9922-D102DEC0B7A4}.Release|Any CPU.ActiveCfg = Release|Any CPU
		{0BA545F7-23F2-4F5B-9922-D102DEC0B7A4}.Release|Any CPU.Build.0 = Release|Any CPU
	EndGlobalSection
	GlobalSection(SolutionProperties) = preSolution
		HideSolutionNode = FALSE
	EndGlobalSection
	GlobalSection(ExtensibilityGlobals) = postSolution
		SolutionGuid = {F50F451D-FEF9-4443-9014-A1E0FD05230E}
	EndGlobalSection
EndGlobal
